
Microsoft Visual Studio Solution File, Format Version 12.00
# Visual Studio 15
VisualStudioVersion = 15.0.26124.0
MinimumVisualStudioVersion = 15.0.26124.0
Project("{2150E333-8FDC-42A3-9474-1A3956D46DE8}") = "src", "src", "{6E0F03B3-9E26-458E-BA66-D38FC00C0EE9}"
EndProject
Project("{FAE04EC0-301F-11D3-BF4B-00C04F79EFBC}") = "Plooto.App.Web", "src\Plooto.App.Web\Plooto.App.Web.csproj", "{23F5E474-88D9-4350-A2E3-F808D6AFD9AB}"
EndProject
Project("{FAE04EC0-301F-11D3-BF4B-00C04F79EFBC}") = "Plooto.Core", "src\Plooto.Core\Plooto.Core.csproj", "{AD5D3686-2EAD-45DD-B0C3-44D17FDF6CED}"
EndProject
Project("{2150E333-8FDC-42A3-9474-1A3956D46DE8}") = "tests", "tests", "{8E8D1AB6-0E8C-49EA-901A-33C29CA51DDF}"
EndProject
Project("{FAE04EC0-301F-11D3-BF4B-00C04F79EFBC}") = "Plooto.Core.Tests", "tests\Plooto.Core.Tests\Plooto.Core.Tests.csproj", "{27DFF080-E853-430F-9783-9B2E3BB054EA}"
EndProject
Project("{FAE04EC0-301F-11D3-BF4B-00C04F79EFBC}") = "Plooto.Repositories.EFCore", "src\Plooto.Repositories.EFCore\Plooto.Repositories.EFCore.csproj", "{A6C4E347-D347-4EF3-90F7-17F863371680}"
EndProject
Global
	GlobalSection(SolutionConfigurationPlatforms) = preSolution
		Debug|Any CPU = Debug|Any CPU
		Debug|x64 = Debug|x64
		Debug|x86 = Debug|x86
		Release|Any CPU = Release|Any CPU
		Release|x64 = Release|x64
		Release|x86 = Release|x86
	EndGlobalSection
	GlobalSection(SolutionProperties) = preSolution
		HideSolutionNode = FALSE
	EndGlobalSection
	GlobalSection(ProjectConfigurationPlatforms) = postSolution
		{23F5E474-88D9-4350-A2E3-F808D6AFD9AB}.Debug|Any CPU.ActiveCfg = Debug|Any CPU
		{23F5E474-88D9-4350-A2E3-F808D6AFD9AB}.Debug|Any CPU.Build.0 = Debug|Any CPU
		{23F5E474-88D9-4350-A2E3-F808D6AFD9AB}.Debug|x64.ActiveCfg = Debug|Any CPU
		{23F5E474-88D9-4350-A2E3-F808D6AFD9AB}.Debug|x64.Build.0 = Debug|Any CPU
		{23F5E474-88D9-4350-A2E3-F808D6AFD9AB}.Debug|x86.ActiveCfg = Debug|Any CPU
		{23F5E474-88D9-4350-A2E3-F808D6AFD9AB}.Debug|x86.Build.0 = Debug|Any CPU
		{23F5E474-88D9-4350-A2E3-F808D6AFD9AB}.Release|Any CPU.ActiveCfg = Release|Any CPU
		{23F5E474-88D9-4350-A2E3-F808D6AFD9AB}.Release|Any CPU.Build.0 = Release|Any CPU
		{23F5E474-88D9-4350-A2E3-F808D6AFD9AB}.Release|x64.ActiveCfg = Release|Any CPU
		{23F5E474-88D9-4350-A2E3-F808D6AFD9AB}.Release|x64.Build.0 = Release|Any CPU
		{23F5E474-88D9-4350-A2E3-F808D6AFD9AB}.Release|x86.ActiveCfg = Release|Any CPU
		{23F5E474-88D9-4350-A2E3-F808D6AFD9AB}.Release|x86.Build.0 = Release|Any CPU
		{AD5D3686-2EAD-45DD-B0C3-44D17FDF6CED}.Debug|Any CPU.ActiveCfg = Debug|Any CPU
		{AD5D3686-2EAD-45DD-B0C3-44D17FDF6CED}.Debug|Any CPU.Build.0 = Debug|Any CPU
		{AD5D3686-2EAD-45DD-B0C3-44D17FDF6CED}.Debug|x64.ActiveCfg = Debug|Any CPU
		{AD5D3686-2EAD-45DD-B0C3-44D17FDF6CED}.Debug|x64.Build.0 = Debug|Any CPU
		{AD5D3686-2EAD-45DD-B0C3-44D17FDF6CED}.Debug|x86.ActiveCfg = Debug|Any CPU
		{AD5D3686-2EAD-45DD-B0C3-44D17FDF6CED}.Debug|x86.Build.0 = Debug|Any CPU
		{AD5D3686-2EAD-45DD-B0C3-44D17FDF6CED}.Release|Any CPU.ActiveCfg = Release|Any CPU
		{AD5D3686-2EAD-45DD-B0C3-44D17FDF6CED}.Release|Any CPU.Build.0 = Release|Any CPU
		{AD5D3686-2EAD-45DD-B0C3-44D17FDF6CED}.Release|x64.ActiveCfg = Release|Any CPU
		{AD5D3686-2EAD-45DD-B0C3-44D17FDF6CED}.Release|x64.Build.0 = Release|Any CPU
		{AD5D3686-2EAD-45DD-B0C3-44D17FDF6CED}.Release|x86.ActiveCfg = Release|Any CPU
		{AD5D3686-2EAD-45DD-B0C3-44D17FDF6CED}.Release|x86.Build.0 = Release|Any CPU
		{27DFF080-E853-430F-9783-9B2E3BB054EA}.Debug|Any CPU.ActiveCfg = Debug|Any CPU
		{27DFF080-E853-430F-9783-9B2E3BB054EA}.Debug|Any CPU.Build.0 = Debug|Any CPU
		{27DFF080-E853-430F-9783-9B2E3BB054EA}.Debug|x64.ActiveCfg = Debug|Any CPU
		{27DFF080-E853-430F-9783-9B2E3BB054EA}.Debug|x64.Build.0 = Debug|Any CPU
		{27DFF080-E853-430F-9783-9B2E3BB054EA}.Debug|x86.ActiveCfg = Debug|Any CPU
		{27DFF080-E853-430F-9783-9B2E3BB054EA}.Debug|x86.Build.0 = Debug|Any CPU
		{27DFF080-E853-430F-9783-9B2E3BB054EA}.Release|Any CPU.ActiveCfg = Release|Any CPU
		{27DFF080-E853-430F-9783-9B2E3BB054EA}.Release|Any CPU.Build.0 = Release|Any CPU
		{27DFF080-E853-430F-9783-9B2E3BB054EA}.Release|x64.ActiveCfg = Release|Any CPU
		{27DFF080-E853-430F-9783-9B2E3BB054EA}.Release|x64.Build.0 = Release|Any CPU
		{27DFF080-E853-430F-9783-9B2E3BB054EA}.Release|x86.ActiveCfg = Release|Any CPU
		{27DFF080-E853-430F-9783-9B2E3BB054EA}.Release|x86.Build.0 = Release|Any CPU
		{A6C4E347-D347-4EF3-90F7-17F863371680}.Debug|Any CPU.ActiveCfg = Debug|Any CPU
		{A6C4E347-D347-4EF3-90F7-17F863371680}.Debug|Any CPU.Build.0 = Debug|Any CPU
		{A6C4E347-D347-4EF3-90F7-17F863371680}.Debug|x64.ActiveCfg = Debug|Any CPU
		{A6C4E347-D347-4EF3-90F7-17F863371680}.Debug|x64.Build.0 = Debug|Any CPU
		{A6C4E347-D347-4EF3-90F7-17F863371680}.Debug|x86.ActiveCfg = Debug|Any CPU
		{A6C4E347-D347-4EF3-90F7-17F863371680}.Debug|x86.Build.0 = Debug|Any CPU
		{A6C4E347-D347-4EF3-90F7-17F863371680}.Release|Any CPU.ActiveCfg = Release|Any CPU
		{A6C4E347-D347-4EF3-90F7-17F863371680}.Release|Any CPU.Build.0 = Release|Any CPU
		{A6C4E347-D347-4EF3-90F7-17F863371680}.Release|x64.ActiveCfg = Release|Any CPU
		{A6C4E347-D347-4EF3-90F7-17F863371680}.Release|x64.Build.0 = Release|Any CPU
		{A6C4E347-D347-4EF3-90F7-17F863371680}.Release|x86.ActiveCfg = Release|Any CPU
		{A6C4E347-D347-4EF3-90F7-17F863371680}.Release|x86.Build.0 = Release|Any CPU
	EndGlobalSection
	GlobalSection(NestedProjects) = preSolution
		{23F5E474-88D9-4350-A2E3-F808D6AFD9AB} = {6E0F03B3-9E26-458E-BA66-D38FC00C0EE9}
		{AD5D3686-2EAD-45DD-B0C3-44D17FDF6CED} = {6E0F03B3-9E26-458E-BA66-D38FC00C0EE9}
		{27DFF080-E853-430F-9783-9B2E3BB054EA} = {8E8D1AB6-0E8C-49EA-901A-33C29CA51DDF}
		{A6C4E347-D347-4EF3-90F7-17F863371680} = {6E0F03B3-9E26-458E-BA66-D38FC00C0EE9}
	EndGlobalSection
EndGlobal
